{
  "requires": true,
  "lockfileVersion": 1,
  "dependencies": {
    "konva": {
      "version": "8.3.3",
      "resolved": "https://registry.npmjs.org/konva/-/konva-8.3.3.tgz",
      "integrity": "sha512-S/v9JW3gNr4mweRwk4JLiJSnQAWs3aZBU4SY9pXGgCFxIvSDbKTnXTDYb2IMxFnurh3ItiR249RG0NvozHd1OA=="
    }
  }
}
